
Microsoft Visual Studio Solution File, Format Version 12.00
# Visual Studio Version 17
VisualStudioVersion = 17.5.002.0
MinimumVisualStudioVersion = 10.0.40219.1
Project("{9A19103F-16F7-4668-BE54-9A1E7A4F7556}") = "MvcMovie", "MvcMovie.csproj", "{DC51405C-17C6-4456-A4AA-F49DAE347EAE}"
EndProject
Global
	GlobalSection(SolutionConfigurationPlatforms) = preSolution
		Debug|Any CPU = Debug|Any CPU
		Release|Any CPU = Release|Any CPU
	EndGlobalSection
	GlobalSection(ProjectConfigurationPlatforms) = postSolution
		{DC51405C-17C6-4456-A4AA-F49DAE347EAE}.Debug|Any CPU.ActiveCfg = Debug|Any CPU
		{DC51405C-17C6-4456-A4AA-F49DAE347EAE}.Debug|Any CPU.Build.0 = Debug|Any CPU
		{DC51405C-17C6-4456-A4AA-F49DAE347EAE}.Release|Any CPU.ActiveCfg = Release|Any CPU
		{DC51405C-17C6-4456-A4AA-F49DAE347EAE}.Release|Any CPU.Build.0 = Release|Any CPU
	EndGlobalSection
	GlobalSection(SolutionProperties) = preSolution
		HideSolutionNode = FALSE
	EndGlobalSection
	GlobalSection(ExtensibilityGlobals) = postSolution
		SolutionGuid = {61A70774-1537-4FA6-AF99-74682980E1B4}
	EndGlobalSection
EndGlobal
